// !$*UTF8*$!
{
	archiveVersion = 1;
	classes = {
	};
	objectVersion = 46;
	objects = {

/* Begin PBXBuildFile section */
		D43D0CC21A377E0B00957796 /* Bridging.h in Headers */ = {isa = PBXBuildFile; fileRef = D43D0CC01A377E0B00957796 /* Bridging.h */; settings = {ATTRIBUTES = (Public, ); }; };
		D43D0CC31A377E0B00957796 /* Bridging.m in Sources */ = {isa = PBXBuildFile; fileRef = D43D0CC11A377E0B00957796 /* Bridging.m */; };
		D450AF731958F79000BC5DAA /* Lagrangian.h in Headers */ = {isa = PBXBuildFile; fileRef = D450AF721958F79000BC5DAA /* Lagrangian.h */; settings = {ATTRIBUTES = (Public, ); }; };
		D450AF791958F79000BC5DAA /* Lagrangian.framework in Frameworks */ = {isa = PBXBuildFile; fileRef = D450AF6D1958F79000BC5DAA /* Lagrangian.framework */; };
		D450AF801958F79000BC5DAA /* LagrangianTests.swift in Sources */ = {isa = PBXBuildFile; fileRef = D450AF7F1958F79000BC5DAA /* LagrangianTests.swift */; };
		D450AF8A1958F7B700BC5DAA /* Expectation.swift in Sources */ = {isa = PBXBuildFile; fileRef = D450AF891958F7B700BC5DAA /* Expectation.swift */; };
		D450AF8C1958F8D800BC5DAA /* Subject.swift in Sources */ = {isa = PBXBuildFile; fileRef = D450AF8B1958F8D800BC5DAA /* Subject.swift */; };
		D450AF8E1958FCE700BC5DAA /* Hypothesis.swift in Sources */ = {isa = PBXBuildFile; fileRef = D450AF8D1958FCE700BC5DAA /* Hypothesis.swift */; };
		D450AF9019590C8400BC5DAA /* Suite.swift in Sources */ = {isa = PBXBuildFile; fileRef = D450AF8F19590C8400BC5DAA /* Suite.swift */; };
/* End PBXBuildFile section */

/* Begin PBXContainerItemProxy section */
		D450AF7A1958F79000BC5DAA /* PBXContainerItemProxy */ = {
			isa = PBXContainerItemProxy;
			containerPortal = D450AF641958F79000BC5DAA /* Project object */;
			proxyType = 1;
			remoteGlobalIDString = D450AF6C1958F79000BC5DAA;
			remoteInfo = Lagrangian;
		};
/* End PBXContainerItemProxy section */

/* Begin PBXFileReference section */
		D43D0CC01A377E0B00957796 /* Bridging.h */ = {isa = PBXFileReference; fileEncoding = 4; lastKnownFileType = sourcecode.c.h; path = Bridging.h; sourceTree = "<group>"; };
		D43D0CC11A377E0B00957796 /* Bridging.m */ = {isa = PBXFileReference; fileEncoding = 4; lastKnownFileType = sourcecode.c.objc; path = Bridging.m; sourceTree = "<group>"; };
		D450AF6D1958F79000BC5DAA /* Lagrangian.framework */ = {isa = PBXFileReference; explicitFileType = wrapper.framework; includeInIndex = 0; path = Lagrangian.framework; sourceTree = BUILT_PRODUCTS_DIR; };
		D450AF711958F79000BC5DAA /* Info.plist */ = {isa = PBXFileReference; lastKnownFileType = text.plist.xml; path = Info.plist; sourceTree = "<group>"; };
		D450AF721958F79000BC5DAA /* Lagrangian.h */ = {isa = PBXFileReference; lastKnownFileType = sourcecode.c.h; path = Lagrangian.h; sourceTree = "<group>"; };
		D450AF781958F79000BC5DAA /* LagrangianTests.xctest */ = {isa = PBXFileReference; explicitFileType = wrapper.cfbundle; includeInIndex = 0; path = LagrangianTests.xctest; sourceTree = BUILT_PRODUCTS_DIR; };
		D450AF7E1958F79000BC5DAA /* Info.plist */ = {isa = PBXFileReference; lastKnownFileType = text.plist.xml; path = Info.plist; sourceTree = "<group>"; };
		D450AF7F1958F79000BC5DAA /* LagrangianTests.swift */ = {isa = PBXFileReference; lastKnownFileType = sourcecode.swift; path = LagrangianTests.swift; sourceTree = "<group>"; };
		D450AF891958F7B700BC5DAA /* Expectation.swift */ = {isa = PBXFileReference; fileEncoding = 4; lastKnownFileType = sourcecode.swift; path = Expectation.swift; sourceTree = "<group>"; };
		D450AF8B1958F8D800BC5DAA /* Subject.swift */ = {isa = PBXFileReference; fileEncoding = 4; lastKnownFileType = sourcecode.swift; path = Subject.swift; sourceTree = "<group>"; };
		D450AF8D1958FCE700BC5DAA /* Hypothesis.swift */ = {isa = PBXFileReference; fileEncoding = 4; lastKnownFileType = sourcecode.swift; path = Hypothesis.swift; sourceTree = "<group>"; };
		D450AF8F19590C8400BC5DAA /* Suite.swift */ = {isa = PBXFileReference; fileEncoding = 4; lastKnownFileType = sourcecode.swift; path = Suite.swift; sourceTree = "<group>"; };
/* End PBXFileReference section */

/* Begin PBXFrameworksBuildPhase section */
		D450AF691958F79000BC5DAA /* Frameworks */ = {
			isa = PBXFrameworksBuildPhase;
			buildActionMask = 2147483647;
			files = (
			);
			runOnlyForDeploymentPostprocessing = 0;
		};
		D450AF751958F79000BC5DAA /* Frameworks */ = {
			isa = PBXFrameworksBuildPhase;
			buildActionMask = 2147483647;
			files = (
				D450AF791958F79000BC5DAA /* Lagrangian.framework in Frameworks */,
			);
			runOnlyForDeploymentPostprocessing = 0;
		};
/* End PBXFrameworksBuildPhase section */

/* Begin PBXGroup section */
		D450AF631958F79000BC5DAA = {
			isa = PBXGroup;
			children = (
				D450AF6F1958F79000BC5DAA /* Lagrangian */,
				D450AF7C1958F79000BC5DAA /* LagrangianTests */,
				D450AF6E1958F79000BC5DAA /* Products */,
			);
			sourceTree = "<group>";
		};
		D450AF6E1958F79000BC5DAA /* Products */ = {
			isa = PBXGroup;
			children = (
				D450AF6D1958F79000BC5DAA /* Lagrangian.framework */,
				D450AF781958F79000BC5DAA /* LagrangianTests.xctest */,
			);
			name = Products;
			sourceTree = "<group>";
		};
		D450AF6F1958F79000BC5DAA /* Lagrangian */ = {
			isa = PBXGroup;
			children = (
				D450AF721958F79000BC5DAA /* Lagrangian.h */,
				D450AF891958F7B700BC5DAA /* Expectation.swift */,
				D450AF8B1958F8D800BC5DAA /* Subject.swift */,
				D450AF8D1958FCE700BC5DAA /* Hypothesis.swift */,
				D450AF8F19590C8400BC5DAA /* Suite.swift */,
				D43D0CC01A377E0B00957796 /* Bridging.h */,
				D43D0CC11A377E0B00957796 /* Bridging.m */,
				D450AF701958F79000BC5DAA /* Supporting Files */,
			);
			path = Lagrangian;
			sourceTree = "<group>";
		};
		D450AF701958F79000BC5DAA /* Supporting Files */ = {
			isa = PBXGroup;
			children = (
				D450AF711958F79000BC5DAA /* Info.plist */,
			);
			name = "Supporting Files";
			sourceTree = "<group>";
		};
		D450AF7C1958F79000BC5DAA /* LagrangianTests */ = {
			isa = PBXGroup;
			children = (
				D450AF7F1958F79000BC5DAA /* LagrangianTests.swift */,
				D450AF7D1958F79000BC5DAA /* Supporting Files */,
			);
			path = LagrangianTests;
			sourceTree = "<group>";
		};
		D450AF7D1958F79000BC5DAA /* Supporting Files */ = {
			isa = PBXGroup;
			children = (
				D450AF7E1958F79000BC5DAA /* Info.plist */,
			);
			name = "Supporting Files";
			sourceTree = "<group>";
		};
/* End PBXGroup section */

/* Begin PBXHeadersBuildPhase section */
		D450AF6A1958F79000BC5DAA /* Headers */ = {
			isa = PBXHeadersBuildPhase;
			buildActionMask = 2147483647;
			files = (
				D43D0CC21A377E0B00957796 /* Bridging.h in Headers */,
				D450AF731958F79000BC5DAA /* Lagrangian.h in Headers */,
			);
			runOnlyForDeploymentPostprocessing = 0;
		};
/* End PBXHeadersBuildPhase section */

/* Begin PBXNativeTarget section */
		D450AF6C1958F79000BC5DAA /* Lagrangian */ = {
			isa = PBXNativeTarget;
			buildConfigurationList = D450AF831958F79000BC5DAA /* Build configuration list for PBXNativeTarget "Lagrangian" */;
			buildPhases = (
				D450AF681958F79000BC5DAA /* Sources */,
				D450AF691958F79000BC5DAA /* Frameworks */,
				D450AF6A1958F79000BC5DAA /* Headers */,
				D450AF6B1958F79000BC5DAA /* Resources */,
			);
			buildRules = (
			);
			dependencies = (
			);
			name = Lagrangian;
			productName = Lagrangian;
			productReference = D450AF6D1958F79000BC5DAA /* Lagrangian.framework */;
			productType = "com.apple.product-type.framework";
		};
		D450AF771958F79000BC5DAA /* LagrangianTests */ = {
			isa = PBXNativeTarget;
			buildConfigurationList = D450AF861958F79000BC5DAA /* Build configuration list for PBXNativeTarget "LagrangianTests" */;
			buildPhases = (
				D450AF741958F79000BC5DAA /* Sources */,
				D450AF751958F79000BC5DAA /* Frameworks */,
				D450AF761958F79000BC5DAA /* Resources */,
			);
			buildRules = (
			);
			dependencies = (
				D450AF7B1958F79000BC5DAA /* PBXTargetDependency */,
			);
			name = LagrangianTests;
			productName = LagrangianTests;
			productReference = D450AF781958F79000BC5DAA /* LagrangianTests.xctest */;
			productType = "com.apple.product-type.bundle.unit-test";
		};
/* End PBXNativeTarget section */

/* Begin PBXProject section */
		D450AF641958F79000BC5DAA /* Project object */ = {
			isa = PBXProject;
			attributes = {
				LastUpgradeCheck = 0600;
				ORGANIZATIONNAME = "Rob Rix";
				TargetAttributes = {
					D450AF6C1958F79000BC5DAA = {
						CreatedOnToolsVersion = 6.0;
					};
					D450AF771958F79000BC5DAA = {
						CreatedOnToolsVersion = 6.0;
						TestTargetID = D450AF6C1958F79000BC5DAA;
					};
				};
			};
			buildConfigurationList = D450AF671958F79000BC5DAA /* Build configuration list for PBXProject "Lagrangian" */;
			compatibilityVersion = "Xcode 3.2";
			developmentRegion = English;
			hasScannedForEncodings = 0;
			knownRegions = (
				en,
			);
			mainGroup = D450AF631958F79000BC5DAA;
			productRefGroup = D450AF6E1958F79000BC5DAA /* Products */;
			projectDirPath = "";
			projectRoot = "";
			targets = (
				D450AF6C1958F79000BC5DAA /* Lagrangian */,
				D450AF771958F79000BC5DAA /* LagrangianTests */,
			);
		};
/* End PBXProject section */

/* Begin PBXResourcesBuildPhase section */
		D450AF6B1958F79000BC5DAA /* Resources */ = {
			isa = PBXResourcesBuildPhase;
			buildActionMask = 2147483647;
			files = (
			);
			runOnlyForDeploymentPostprocessing = 0;
		};
		D450AF761958F79000BC5DAA /* Resources */ = {
			isa = PBXResourcesBuildPhase;
			buildActionMask = 2147483647;
			files = (
			);
			runOnlyForDeploymentPostprocessing = 0;
		};
/* End PBXResourcesBuildPhase section */

/* Begin PBXSourcesBuildPhase section */
		D450AF681958F79000BC5DAA /* Sources */ = {
			isa = PBXSourcesBuildPhase;
			buildActionMask = 2147483647;
			files = (
				D450AF9019590C8400BC5DAA /* Suite.swift in Sources */,
				D450AF8C1958F8D800BC5DAA /* Subject.swift in Sources */,
				D43D0CC31A377E0B00957796 /* Bridging.m in Sources */,
				D450AF8E1958FCE700BC5DAA /* Hypothesis.swift in Sources */,
				D450AF8A1958F7B700BC5DAA /* Expectation.swift in Sources */,
			);
			runOnlyForDeploymentPostprocessing = 0;
		};
		D450AF741958F79000BC5DAA /* Sources */ = {
			isa = PBXSourcesBuildPhase;
			buildActionMask = 2147483647;
			files = (
				D450AF801958F79000BC5DAA /* LagrangianTests.swift in Sources */,
			);
			runOnlyForDeploymentPostprocessing = 0;
		};
/* End PBXSourcesBuildPhase section */

/* Begin PBXTargetDependency section */
		D450AF7B1958F79000BC5DAA /* PBXTargetDependency */ = {
			isa = PBXTargetDependency;
			target = D450AF6C1958F79000BC5DAA /* Lagrangian */;
			targetProxy = D450AF7A1958F79000BC5DAA /* PBXContainerItemProxy */;
		};
/* End PBXTargetDependency section */

/* Begin XCBuildConfiguration section */
		D450AF811958F79000BC5DAA /* Debug */ = {
			isa = XCBuildConfiguration;
			buildSettings = {
				ALWAYS_SEARCH_USER_PATHS = NO;
				CLANG_CXX_LANGUAGE_STANDARD = "gnu++0x";
				CLANG_CXX_LIBRARY = "libc++";
				CLANG_ENABLE_MODULES = YES;
				CLANG_ENABLE_OBJC_ARC = YES;
				CLANG_WARN_BOOL_CONVERSION = YES;
				CLANG_WARN_CONSTANT_CONVERSION = YES;
				CLANG_WARN_DIRECT_OBJC_ISA_USAGE = YES_ERROR;
				CLANG_WARN_EMPTY_BODY = YES;
				CLANG_WARN_ENUM_CONVERSION = YES;
				CLANG_WARN_INT_CONVERSION = YES;
				CLANG_WARN_OBJC_ROOT_CLASS = YES_ERROR;
				CLANG_WARN_UNREACHABLE_CODE = YES;
				CLANG_WARN__DUPLICATE_METHOD_MATCH = YES;
				COPY_PHASE_STRIP = NO;
				CURRENT_PROJECT_VERSION = 1;
				ENABLE_STRICT_OBJC_MSGSEND = YES;
				GCC_C_LANGUAGE_STANDARD = gnu99;
				GCC_DYNAMIC_NO_PIC = NO;
				GCC_OPTIMIZATION_LEVEL = 0;
				GCC_PREPROCESSOR_DEFINITIONS = (
					"DEBUG=1",
					"$(inherited)",
				);
				GCC_SYMBOLS_PRIVATE_EXTERN = NO;
				GCC_WARN_64_TO_32_BIT_CONVERSION = YES;
				GCC_WARN_ABOUT_RETURN_TYPE = YES_ERROR;
				GCC_WARN_UNDECLARED_SELECTOR = YES;
				GCC_WARN_UNINITIALIZED_AUTOS = YES_AGGRESSIVE;
				GCC_WARN_UNUSED_FUNCTION = YES;
				GCC_WARN_UNUSED_VARIABLE = YES;
				MACOSX_DEPLOYMENT_TARGET = 10.9;
				METAL_ENABLE_DEBUG_INFO = YES;
				ONLY_ACTIVE_ARCH = YES;
				SDKROOT = macosx;
				SWIFT_OPTIMIZATION_LEVEL = "-Onone";
				VERSIONING_SYSTEM = "apple-generic";
				VERSION_INFO_PREFIX = "";
			};
			name = Debug;
		};
		D450AF821958F79000BC5DAA /* Release */ = {
			isa = XCBuildConfiguration;
			buildSettings = {
				ALWAYS_SEARCH_USER_PATHS = NO;
				CLANG_CXX_LANGUAGE_STANDARD = "gnu++0x";
				CLANG_CXX_LIBRARY = "libc++";
				CLANG_ENABLE_MODULES = YES;
				CLANG_ENABLE_OBJC_ARC = YES;
				CLANG_WARN_BOOL_CONVERSION = YES;
				CLANG_WARN_CONSTANT_CONVERSION = YES;
				CLANG_WARN_DIRECT_OBJC_ISA_USAGE = YES_ERROR;
				CLANG_WARN_EMPTY_BODY = YES;
				CLANG_WARN_ENUM_CONVERSION = YES;
				CLANG_WARN_INT_CONVERSION = YES;
				CLANG_WARN_OBJC_ROOT_CLASS = YES_ERROR;
				CLANG_WARN_UNREACHABLE_CODE = YES;
				CLANG_WARN__DUPLICATE_METHOD_MATCH = YES;
				COPY_PHASE_STRIP = YES;
				CURRENT_PROJECT_VERSION = 1;
				DEBUG_INFORMATION_FORMAT = "dwarf-with-dsym";
				ENABLE_NS_ASSERTIONS = NO;
				ENABLE_STRICT_OBJC_MSGSEND = YES;
				GCC_C_LANGUAGE_STANDARD = gnu99;
				GCC_WARN_64_TO_32_BIT_CONVERSION = YES;
				GCC_WARN_ABOUT_RETURN_TYPE = YES_ERROR;
				GCC_WARN_UNDECLARED_SELECTOR = YES;
				GCC_WARN_UNINITIALIZED_AUTOS = YES_AGGRESSIVE;
				GCC_WARN_UNUSED_FUNCTION = YES;
				GCC_WARN_UNUSED_VARIABLE = YES;
				MACOSX_DEPLOYMENT_TARGET = 10.9;
				METAL_ENABLE_DEBUG_INFO = NO;
				SDKROOT = macosx;
				VERSIONING_SYSTEM = "apple-generic";
				VERSION_INFO_PREFIX = "";
			};
			name = Release;
		};
		D450AF841958F79000BC5DAA /* Debug */ = {
			isa = XCBuildConfiguration;
			buildSettings = {
				CLANG_ENABLE_MODULES = YES;
				COMBINE_HIDPI_IMAGES = YES;
				DEFINES_MODULE = YES;
				DYLIB_COMPATIBILITY_VERSION = 1;
				DYLIB_CURRENT_VERSION = 1;
				DYLIB_INSTALL_NAME_BASE = "@rpath";
				FRAMEWORK_VERSION = A;
				INFOPLIST_FILE = Lagrangian/Info.plist;
				INSTALL_PATH = "$(LOCAL_LIBRARY_DIR)/Frameworks";
				LD_RUNPATH_SEARCH_PATHS = "$(inherited) @executable_path/../Frameworks @loader_path/../Frameworks";
				PRODUCT_NAME = "$(TARGET_NAME)";
				SKIP_INSTALL = YES;
				SWIFT_OPTIMIZATION_LEVEL = "-Onone";
			};
			name = Debug;
		};
		D450AF851958F79000BC5DAA /* Release */ = {
			isa = XCBuildConfiguration;
			buildSettings = {
				CLANG_ENABLE_MODULES = YES;
				COMBINE_HIDPI_IMAGES = YES;
				DEFINES_MODULE = YES;
				DYLIB_COMPATIBILITY_VERSION = 1;
				DYLIB_CURRENT_VERSION = 1;
				DYLIB_INSTALL_NAME_BASE = "@rpath";
				FRAMEWORK_VERSION = A;
				INFOPLIST_FILE = Lagrangian/Info.plist;
				INSTALL_PATH = "$(LOCAL_LIBRARY_DIR)/Frameworks";
				LD_RUNPATH_SEARCH_PATHS = "$(inherited) @executable_path/../Frameworks @loader_path/../Frameworks";
				PRODUCT_NAME = "$(TARGET_NAME)";
				SKIP_INSTALL = YES;
			};
			name = Release;
		};
		D450AF871958F79000BC5DAA /* Debug */ = {
			isa = XCBuildConfiguration;
			buildSettings = {
				COMBINE_HIDPI_IMAGES = YES;
				FRAMEWORK_SEARCH_PATHS = (
					"$(DEVELOPER_FRAMEWORKS_DIR)",
					"$(inherited)",
				);
				GCC_PREPROCESSOR_DEFINITIONS = (
					"DEBUG=1",
					"$(inherited)",
				);
				INFOPLIST_FILE = LagrangianTests/Info.plist;
				LD_RUNPATH_SEARCH_PATHS = "$(inherited) @executable_path/../Frameworks @loader_path/../Frameworks";
				METAL_ENABLE_DEBUG_INFO = YES;
				PRODUCT_NAME = "$(TARGET_NAME)";
			};
			name = Debug;
		};
		D450AF881958F79000BC5DAA /* Release */ = {
			isa = XCBuildConfiguration;
			buildSettings = {
				COMBINE_HIDPI_IMAGES = YES;
				FRAMEWORK_SEARCH_PATHS = (
					"$(DEVELOPER_FRAMEWORKS_DIR)",
					"$(inherited)",
				);
				INFOPLIST_FILE = LagrangianTests/Info.plist;
				LD_RUNPATH_SEARCH_PATHS = "$(inherited) @executable_path/../Frameworks @loader_path/../Frameworks";
				METAL_ENABLE_DEBUG_INFO = NO;
				PRODUCT_NAME = "$(TARGET_NAME)";
			};
			name = Release;
		};
/* End XCBuildConfiguration section */

/* Begin XCConfigurationList section */
		D450AF671958F79000BC5DAA /* Build configuration list for PBXProject "Lagrangian" */ = {
			isa = XCConfigurationList;
			buildConfigurations = (
				D450AF811958F79000BC5DAA /* Debug */,
				D450AF821958F79000BC5DAA /* Release */,
			);
			defaultConfigurationIsVisible = 0;
			defaultConfigurationName = Release;
		};
		D450AF831958F79000BC5DAA /* Build configuration list for PBXNativeTarget "Lagrangian" */ = {
			isa = XCConfigurationList;
			buildConfigurations = (
				D450AF841958F79000BC5DAA /* Debug */,
				D450AF851958F79000BC5DAA /* Release */,
			);
			defaultConfigurationIsVisible = 0;
			defaultConfigurationName = Release;
		};
		D450AF861958F79000BC5DAA /* Build configuration list for PBXNativeTarget "LagrangianTests" */ = {
			isa = XCConfigurationList;
			buildConfigurations = (
				D450AF871958F79000BC5DAA /* Debug */,
				D450AF881958F79000BC5DAA /* Release */,
			);
			defaultConfigurationIsVisible = 0;
			defaultConfigurationName = Release;
		};
/* End XCConfigurationList section */
	};
	rootObject = D450AF641958F79000BC5DAA /* Project object */;
}
